{
  "name": "nodejs",
  "version": "1.0.0",
  "lockfileVersion": 1,
  "requires": true,
  "dependencies": {
    "dotenv": {
      "version": "8.2.0",
      "resolved": "https://registry.npmjs.org/dotenv/-/dotenv-8.2.0.tgz",
      "integrity": "sha512-8sJ78ElpbDJBHNeBzUbUVLsqKdccaa/BXF1uPTw3GrvQTBgrQrtObr2mUrE38vzYd8cEv+m/JBfDLioYcfXoaw=="
    },
    "undici": {
      "version": "3.3.3",
      "resolved": "https://registry.npmjs.org/undici/-/undici-3.3.3.tgz",
      "integrity": "sha512-JcC6p86DLPDne5vhm9nZ9N6hW/WPCtO8/NV+7YHS+x/mQ+NpWvtGxIt28ObBsySPec8FsabyiLPhmn7Htl9w3A=="
    }
  }
}
